
Microsoft Visual Studio Solution File, Format Version 12.00
# Visual Studio Version 17
VisualStudioVersion = 17.1.32210.238
MinimumVisualStudioVersion = 10.0.40219.1
Project("{9A19103F-16F7-4668-BE54-9A1E7A4F7556}") = "Figures", "src\Figures\Figures.csproj", "{136F1E77-886F-4B58-89F3-6D51181B27FF}"
EndProject
Global
	GlobalSection(SolutionConfigurationPlatforms) = preSolution
		Debug|Any CPU = Debug|Any CPU
		Release|Any CPU = Release|Any CPU
	EndGlobalSection
	GlobalSection(ProjectConfigurationPlatforms) = postSolution
		{136F1E77-886F-4B58-89F3-6D51181B27FF}.Debug|Any CPU.ActiveCfg = Debug|Any CPU
		{136F1E77-886F-4B58-89F3-6D51181B27FF}.Debug|Any CPU.Build.0 = Debug|Any CPU
		{136F1E77-886F-4B58-89F3-6D51181B27FF}.Release|Any CPU.ActiveCfg = Release|Any CPU
		{136F1E77-886F-4B58-89F3-6D51181B27FF}.Release|Any CPU.Build.0 = Release|Any CPU
	EndGlobalSection
	GlobalSection(SolutionProperties) = preSolution
		HideSolutionNode = FALSE
	EndGlobalSection
	GlobalSection(ExtensibilityGlobals) = postSolution
		SolutionGuid = {82040A45-F73E-45D6-B1CF-D380F59E56CF}
	EndGlobalSection
EndGlobal
